
Microsoft Visual Studio Solution File, Format Version 12.00
# Visual Studio 2013
VisualStudioVersion = 12.0.21005.1
MinimumVisualStudioVersion = 10.0.40219.1
Project("{2150E333-8FDC-42A3-9474-1A3956D46DE8}") = "Business", "Business", "{F182D9FF-70A7-40AD-AC5C-90847E5FC42C}"
EndProject
Project("{2150E333-8FDC-42A3-9474-1A3956D46DE8}") = "Modules", "Modules", "{D1E8425D-5879-4648-BA4F-CC1D1A920103}"
EndProject
Project("{FAE04EC0-301F-11D3-BF4B-00C04F79EFBC}") = "ApplicationStatusMonitor", "Src\ApplicationStatusMonitor\ApplicationStatusMonitor.csproj", "{F6D5BA2F-6E1C-4E5D-97B5-6A35855C3780}"
EndProject
Project("{FAE04EC0-301F-11D3-BF4B-00C04F79EFBC}") = "ApplicationStatusMonitor.Infrastructure", "Src\ApplicationStatusMonitor.Infrastructure\ApplicationStatusMonitor.Infrastructure.csproj", "{E2CE70B0-470B-4A90-80EE-D9C887FAE0AA}"
EndProject
Project("{FAE04EC0-301F-11D3-BF4B-00C04F79EFBC}") = "ServiceMonitorModule", "src\Modules\ServiceMonitorModule\ServiceMonitorModule.csproj", "{A81CE66C-8B02-43A9-9CEA-D19DD77EB3D2}"
EndProject
Global
	GlobalSection(SolutionConfigurationPlatforms) = preSolution
		Debug|Any CPU = Debug|Any CPU
		Release|Any CPU = Release|Any CPU
	EndGlobalSection
	GlobalSection(ProjectConfigurationPlatforms) = postSolution
		{F6D5BA2F-6E1C-4E5D-97B5-6A35855C3780}.Debug|Any CPU.ActiveCfg = Debug|Any CPU
		{F6D5BA2F-6E1C-4E5D-97B5-6A35855C3780}.Debug|Any CPU.Build.0 = Debug|Any CPU
		{F6D5BA2F-6E1C-4E5D-97B5-6A35855C3780}.Release|Any CPU.ActiveCfg = Release|Any CPU
		{F6D5BA2F-6E1C-4E5D-97B5-6A35855C3780}.Release|Any CPU.Build.0 = Release|Any CPU
		{E2CE70B0-470B-4A90-80EE-D9C887FAE0AA}.Debug|Any CPU.ActiveCfg = Debug|Any CPU
		{E2CE70B0-470B-4A90-80EE-D9C887FAE0AA}.Debug|Any CPU.Build.0 = Debug|Any CPU
		{E2CE70B0-470B-4A90-80EE-D9C887FAE0AA}.Release|Any CPU.ActiveCfg = Release|Any CPU
		{E2CE70B0-470B-4A90-80EE-D9C887FAE0AA}.Release|Any CPU.Build.0 = Release|Any CPU
		{A81CE66C-8B02-43A9-9CEA-D19DD77EB3D2}.Debug|Any CPU.ActiveCfg = Debug|Any CPU
		{A81CE66C-8B02-43A9-9CEA-D19DD77EB3D2}.Debug|Any CPU.Build.0 = Debug|Any CPU
		{A81CE66C-8B02-43A9-9CEA-D19DD77EB3D2}.Release|Any CPU.ActiveCfg = Release|Any CPU
		{A81CE66C-8B02-43A9-9CEA-D19DD77EB3D2}.Release|Any CPU.Build.0 = Release|Any CPU
	EndGlobalSection
	GlobalSection(SolutionProperties) = preSolution
		HideSolutionNode = FALSE
	EndGlobalSection
	GlobalSection(NestedProjects) = preSolution
		{A81CE66C-8B02-43A9-9CEA-D19DD77EB3D2} = {D1E8425D-5879-4648-BA4F-CC1D1A920103}
	EndGlobalSection
	GlobalSection(ExtensibilityGlobals) = postSolution
		EnterpriseLibraryConfigurationToolBinariesPath = packages\Unity.2.1.505.2\lib\NET35
	EndGlobalSection
EndGlobal
